// !$*UTF8*$!
{
	archiveVersion = 1;
	classes = {
	};
	objectVersion = 55;
	objects = {

/* Begin PBXBuildFile section */
		596B7C32280FFCE000CD3FAA /* Collections in Frameworks */ = {isa = PBXBuildFile; productRef = 596B7C31280FFCE000CD3FAA /* Collections */; };
		596B7C34280FFF5A00CD3FAA /* Stack.swift in Sources */ = {isa = PBXBuildFile; fileRef = 596B7C33280FFF5A00CD3FAA /* Stack.swift */; };
		59DF1BD5280FF9B5005A8003 /* main.swift in Sources */ = {isa = PBXBuildFile; fileRef = 59DF1BD4280FF9B5005A8003 /* main.swift */; };
		59EA5075281A820D005E2B15 /* LinkedList.swift in Sources */ = {isa = PBXBuildFile; fileRef = 59EA5074281A820D005E2B15 /* LinkedList.swift */; };
		59EA5077281A8222005E2B15 /* Node.swift in Sources */ = {isa = PBXBuildFile; fileRef = 59EA5076281A8222005E2B15 /* Node.swift */; };
/* End PBXBuildFile section */

/* Begin PBXCopyFilesBuildPhase section */
		59DF1BCF280FF9B5005A8003 /* CopyFiles */ = {
			isa = PBXCopyFilesBuildPhase;
			buildActionMask = 2147483647;
			dstPath = /usr/share/man/man1/;
			dstSubfolderSpec = 0;
			files = (
			);
			runOnlyForDeploymentPostprocessing = 1;
		};
/* End PBXCopyFilesBuildPhase section */

/* Begin PBXFileReference section */
		596B7C33280FFF5A00CD3FAA /* Stack.swift */ = {isa = PBXFileReference; lastKnownFileType = sourcecode.swift; path = Stack.swift; sourceTree = "<group>"; };
		59DF1BD1280FF9B5005A8003 /* Data Structures & Alogrithms in Swift */ = {isa = PBXFileReference; explicitFileType = "compiled.mach-o.executable"; includeInIndex = 0; path = "Data Structures & Alogrithms in Swift"; sourceTree = BUILT_PRODUCTS_DIR; };
		59DF1BD4280FF9B5005A8003 /* main.swift */ = {isa = PBXFileReference; lastKnownFileType = sourcecode.swift; path = main.swift; sourceTree = "<group>"; };
		59DF1BEF280FFC16005A8003 /* swift-collections */ = {isa = PBXFileReference; lastKnownFileType = wrapper; name = "swift-collections"; path = "../../swift-collections"; sourceTree = "<group>"; };
		59EA5074281A820D005E2B15 /* LinkedList.swift */ = {isa = PBXFileReference; fileEncoding = 4; lastKnownFileType = sourcecode.swift; path = LinkedList.swift; sourceTree = "<group>"; };
		59EA5076281A8222005E2B15 /* Node.swift */ = {isa = PBXFileReference; fileEncoding = 4; lastKnownFileType = sourcecode.swift; path = Node.swift; sourceTree = "<group>"; };
/* End PBXFileReference section */

/* Begin PBXFrameworksBuildPhase section */
		59DF1BCE280FF9B5005A8003 /* Frameworks */ = {
			isa = PBXFrameworksBuildPhase;
			buildActionMask = 2147483647;
			files = (
				596B7C32280FFCE000CD3FAA /* Collections in Frameworks */,
			);
			runOnlyForDeploymentPostprocessing = 0;
		};
/* End PBXFrameworksBuildPhase section */

/* Begin PBXGroup section */
		596B7C30280FFCE000CD3FAA /* Frameworks */ = {
			isa = PBXGroup;
			children = (
			);
			name = Frameworks;
			sourceTree = "<group>";
		};
		59DF1BC8280FF9B5005A8003 = {
			isa = PBXGroup;
			children = (
				59DF1BEE280FFC16005A8003 /* Packages */,
				59DF1BD3280FF9B5005A8003 /* Data Structures & Alogrithms in Swift */,
				59DF1BD2280FF9B5005A8003 /* Products */,
				596B7C30280FFCE000CD3FAA /* Frameworks */,
			);
			sourceTree = "<group>";
		};
		59DF1BD2280FF9B5005A8003 /* Products */ = {
			isa = PBXGroup;
			children = (
				59DF1BD1280FF9B5005A8003 /* Data Structures & Alogrithms in Swift */,
			);
			name = Products;
			sourceTree = "<group>";
		};
		59DF1BD3280FF9B5005A8003 /* Data Structures & Alogrithms in Swift */ = {
			isa = PBXGroup;
			children = (
				59DF1BD4280FF9B5005A8003 /* main.swift */,
				596B7C33280FFF5A00CD3FAA /* Stack.swift */,
				59EA5076281A8222005E2B15 /* Node.swift */,
				59EA5074281A820D005E2B15 /* LinkedList.swift */,
			);
			path = "Data Structures & Alogrithms in Swift";
			sourceTree = "<group>";
		};
		59DF1BEE280FFC16005A8003 /* Packages */ = {
			isa = PBXGroup;
			children = (
				59DF1BEF280FFC16005A8003 /* swift-collections */,
			);
			name = Packages;
			sourceTree = "<group>";
		};
/* End PBXGroup section */

/* Begin PBXNativeTarget section */
		59DF1BD0280FF9B5005A8003 /* Data Structures & Alogrithms in Swift */ = {
			isa = PBXNativeTarget;
			buildConfigurationList = 59DF1BD8280FF9B5005A8003 /* Build configuration list for PBXNativeTarget "Data Structures & Alogrithms in Swift" */;
			buildPhases = (
				59DF1BCD280FF9B5005A8003 /* Sources */,
				59DF1BCE280FF9B5005A8003 /* Frameworks */,
				59DF1BCF280FF9B5005A8003 /* CopyFiles */,
			);
			buildRules = (
			);
			dependencies = (
			);
			name = "Data Structures & Alogrithms in Swift";
			packageProductDependencies = (
				596B7C31280FFCE000CD3FAA /* Collections */,
			);
			productName = "Data Structures & Alogrithms in Swift";
			productReference = 59DF1BD1280FF9B5005A8003 /* Data Structures & Alogrithms in Swift */;
			productType = "com.apple.product-type.tool";
		};
/* End PBXNativeTarget section */

/* Begin PBXProject section */
		59DF1BC9280FF9B5005A8003 /* Project object */ = {
			isa = PBXProject;
			attributes = {
				BuildIndependentTargetsInParallel = 1;
				LastSwiftUpdateCheck = 1330;
				LastUpgradeCheck = 1330;
				TargetAttributes = {
					59DF1BD0280FF9B5005A8003 = {
						CreatedOnToolsVersion = 13.3;
					};
				};
			};
			buildConfigurationList = 59DF1BCC280FF9B5005A8003 /* Build configuration list for PBXProject "Data Structures & Alogrithms in Swift" */;
			compatibilityVersion = "Xcode 13.0";
			developmentRegion = en;
			hasScannedForEncodings = 0;
			knownRegions = (
				en,
				Base,
			);
			mainGroup = 59DF1BC8280FF9B5005A8003;
			productRefGroup = 59DF1BD2280FF9B5005A8003 /* Products */;
			projectDirPath = "";
			projectRoot = "";
			targets = (
				59DF1BD0280FF9B5005A8003 /* Data Structures & Alogrithms in Swift */,
			);
		};
/* End PBXProject section */

/* Begin PBXSourcesBuildPhase section */
		59DF1BCD280FF9B5005A8003 /* Sources */ = {
			isa = PBXSourcesBuildPhase;
			buildActionMask = 2147483647;
			files = (
				59EA5075281A820D005E2B15 /* LinkedList.swift in Sources */,
				596B7C34280FFF5A00CD3FAA /* Stack.swift in Sources */,
				59DF1BD5280FF9B5005A8003 /* main.swift in Sources */,
				59EA5077281A8222005E2B15 /* Node.swift in Sources */,
			);
			runOnlyForDeploymentPostprocessing = 0;
		};
/* End PBXSourcesBuildPhase section */

/* Begin XCBuildConfiguration section */
		59DF1BD6280FF9B5005A8003 /* Debug */ = {
			isa = XCBuildConfiguration;
			buildSettings = {
				ALWAYS_SEARCH_USER_PATHS = NO;
				CLANG_ANALYZER_NONNULL = YES;
				CLANG_ANALYZER_NUMBER_OBJECT_CONVERSION = YES_AGGRESSIVE;
				CLANG_CXX_LANGUAGE_STANDARD = "gnu++17";
				CLANG_ENABLE_MODULES = YES;
				CLANG_ENABLE_OBJC_ARC = YES;
				CLANG_ENABLE_OBJC_WEAK = YES;
				CLANG_WARN_BLOCK_CAPTURE_AUTORELEASING = YES;
				CLANG_WARN_BOOL_CONVERSION = YES;
				CLANG_WARN_COMMA = YES;
				CLANG_WARN_CONSTANT_CONVERSION = YES;
				CLANG_WARN_DEPRECATED_OBJC_IMPLEMENTATIONS = YES;
				CLANG_WARN_DIRECT_OBJC_ISA_USAGE = YES_ERROR;
				CLANG_WARN_DOCUMENTATION_COMMENTS = YES;
				CLANG_WARN_EMPTY_BODY = YES;
				CLANG_WARN_ENUM_CONVERSION = YES;
				CLANG_WARN_INFINITE_RECURSION = YES;
				CLANG_WARN_INT_CONVERSION = YES;
				CLANG_WARN_NON_LITERAL_NULL_CONVERSION = YES;
				CLANG_WARN_OBJC_IMPLICIT_RETAIN_SELF = YES;
				CLANG_WARN_OBJC_LITERAL_CONVERSION = YES;
				CLANG_WARN_OBJC_ROOT_CLASS = YES_ERROR;
				CLANG_WARN_QUOTED_INCLUDE_IN_FRAMEWORK_HEADER = YES;
				CLANG_WARN_RANGE_LOOP_ANALYSIS = YES;
				CLANG_WARN_STRICT_PROTOTYPES = YES;
				CLANG_WARN_SUSPICIOUS_MOVE = YES;
				CLANG_WARN_UNGUARDED_AVAILABILITY = YES_AGGRESSIVE;
				CLANG_WARN_UNREACHABLE_CODE = YES;
				CLANG_WARN__DUPLICATE_METHOD_MATCH = YES;
				COPY_PHASE_STRIP = NO;
				DEBUG_INFORMATION_FORMAT = dwarf;
				ENABLE_STRICT_OBJC_MSGSEND = YES;
				ENABLE_TESTABILITY = YES;
				GCC_C_LANGUAGE_STANDARD = gnu11;
				GCC_DYNAMIC_NO_PIC = NO;
				GCC_NO_COMMON_BLOCKS = YES;
				GCC_OPTIMIZATION_LEVEL = 0;
				GCC_PREPROCESSOR_DEFINITIONS = (
					"DEBUG=1",
					"$(inherited)",
				);
				GCC_WARN_64_TO_32_BIT_CONVERSION = YES;
				GCC_WARN_ABOUT_RETURN_TYPE = YES_ERROR;
				GCC_WARN_UNDECLARED_SELECTOR = YES;
				GCC_WARN_UNINITIALIZED_AUTOS = YES_AGGRESSIVE;
				GCC_WARN_UNUSED_FUNCTION = YES;
				GCC_WARN_UNUSED_VARIABLE = YES;
				MACOSX_DEPLOYMENT_TARGET = 12.2;
				MTL_ENABLE_DEBUG_INFO = INCLUDE_SOURCE;
				MTL_FAST_MATH = YES;
				ONLY_ACTIVE_ARCH = YES;
				SDKROOT = macosx;
				SWIFT_ACTIVE_COMPILATION_CONDITIONS = DEBUG;
				SWIFT_OPTIMIZATION_LEVEL = "-Onone";
			};
			name = Debug;
		};
		59DF1BD7280FF9B5005A8003 /* Release */ = {
			isa = XCBuildConfiguration;
			buildSettings = {
				ALWAYS_SEARCH_USER_PATHS = NO;
				CLANG_ANALYZER_NONNULL = YES;
				CLANG_ANALYZER_NUMBER_OBJECT_CONVERSION = YES_AGGRESSIVE;
				CLANG_CXX_LANGUAGE_STANDARD = "gnu++17";
				CLANG_ENABLE_MODULES = YES;
				CLANG_ENABLE_OBJC_ARC = YES;
				CLANG_ENABLE_OBJC_WEAK = YES;
				CLANG_WARN_BLOCK_CAPTURE_AUTORELEASING = YES;
				CLANG_WARN_BOOL_CONVERSION = YES;
				CLANG_WARN_COMMA = YES;
				CLANG_WARN_CONSTANT_CONVERSION = YES;
				CLANG_WARN_DEPRECATED_OBJC_IMPLEMENTATIONS = YES;
				CLANG_WARN_DIRECT_OBJC_ISA_USAGE = YES_ERROR;
				CLANG_WARN_DOCUMENTATION_COMMENTS = YES;
				CLANG_WARN_EMPTY_BODY = YES;
				CLANG_WARN_ENUM_CONVERSION = YES;
				CLANG_WARN_INFINITE_RECURSION = YES;
				CLANG_WARN_INT_CONVERSION = YES;
				CLANG_WARN_NON_LITERAL_NULL_CONVERSION = YES;
				CLANG_WARN_OBJC_IMPLICIT_RETAIN_SELF = YES;
				CLANG_WARN_OBJC_LITERAL_CONVERSION = YES;
				CLANG_WARN_OBJC_ROOT_CLASS = YES_ERROR;
				CLANG_WARN_QUOTED_INCLUDE_IN_FRAMEWORK_HEADER = YES;
				CLANG_WARN_RANGE_LOOP_ANALYSIS = YES;
				CLANG_WARN_STRICT_PROTOTYPES = YES;
				CLANG_WARN_SUSPICIOUS_MOVE = YES;
				CLANG_WARN_UNGUARDED_AVAILABILITY = YES_AGGRESSIVE;
				CLANG_WARN_UNREACHABLE_CODE = YES;
				CLANG_WARN__DUPLICATE_METHOD_MATCH = YES;
				COPY_PHASE_STRIP = NO;
				DEBUG_INFORMATION_FORMAT = "dwarf-with-dsym";
				ENABLE_NS_ASSERTIONS = NO;
				ENABLE_STRICT_OBJC_MSGSEND = YES;
				GCC_C_LANGUAGE_STANDARD = gnu11;
				GCC_NO_COMMON_BLOCKS = YES;
				GCC_WARN_64_TO_32_BIT_CONVERSION = YES;
				GCC_WARN_ABOUT_RETURN_TYPE = YES_ERROR;
				GCC_WARN_UNDECLARED_SELECTOR = YES;
				GCC_WARN_UNINITIALIZED_AUTOS = YES_AGGRESSIVE;
				GCC_WARN_UNUSED_FUNCTION = YES;
				GCC_WARN_UNUSED_VARIABLE = YES;
				MACOSX_DEPLOYMENT_TARGET = 12.2;
				MTL_ENABLE_DEBUG_INFO = NO;
				MTL_FAST_MATH = YES;
				SDKROOT = macosx;
				SWIFT_COMPILATION_MODE = wholemodule;
				SWIFT_OPTIMIZATION_LEVEL = "-O";
			};
			name = Release;
		};
		59DF1BD9280FF9B5005A8003 /* Debug */ = {
			isa = XCBuildConfiguration;
			buildSettings = {
				CODE_SIGN_STYLE = Automatic;
				PRODUCT_NAME = "$(TARGET_NAME)";
				SWIFT_VERSION = 5.0;
			};
			name = Debug;
		};
		59DF1BDA280FF9B5005A8003 /* Release */ = {
			isa = XCBuildConfiguration;
			buildSettings = {
				CODE_SIGN_STYLE = Automatic;
				PRODUCT_NAME = "$(TARGET_NAME)";
				SWIFT_VERSION = 5.0;
			};
			name = Release;
		};
/* End XCBuildConfiguration section */

/* Begin XCConfigurationList section */
		59DF1BCC280FF9B5005A8003 /* Build configuration list for PBXProject "Data Structures & Alogrithms in Swift" */ = {
			isa = XCConfigurationList;
			buildConfigurations = (
				59DF1BD6280FF9B5005A8003 /* Debug */,
				59DF1BD7280FF9B5005A8003 /* Release */,
			);
			defaultConfigurationIsVisible = 0;
			defaultConfigurationName = Release;
		};
		59DF1BD8280FF9B5005A8003 /* Build configuration list for PBXNativeTarget "Data Structures & Alogrithms in Swift" */ = {
			isa = XCConfigurationList;
			buildConfigurations = (
				59DF1BD9280FF9B5005A8003 /* Debug */,
				59DF1BDA280FF9B5005A8003 /* Release */,
			);
			defaultConfigurationIsVisible = 0;
			defaultConfigurationName = Release;
		};
/* End XCConfigurationList section */

/* Begin XCSwiftPackageProductDependency section */
		596B7C31280FFCE000CD3FAA /* Collections */ = {
			isa = XCSwiftPackageProductDependency;
			productName = Collections;
		};
/* End XCSwiftPackageProductDependency section */
	};
	rootObject = 59DF1BC9280FF9B5005A8003 /* Project object */;
}
